
Microsoft Visual Studio Solution File, Format Version 12.00
# Visual Studio Version 17
VisualStudioVersion = 17.0.31912.275
MinimumVisualStudioVersion = 10.0.40219.1
Project("{FAE04EC0-301F-11D3-BF4B-00C04F79EFBC}") = "ConsoleApplaba2", "ConsoleApplaba2\ConsoleApplaba2.csproj", "{1961D116-90AB-4F5C-96A6-06105F4E42A4}"
EndProject
Global
	GlobalSection(SolutionConfigurationPlatforms) = preSolution
		Debug|Any CPU = Debug|Any CPU
		Release|Any CPU = Release|Any CPU
	EndGlobalSection
	GlobalSection(ProjectConfigurationPlatforms) = postSolution
		{1961D116-90AB-4F5C-96A6-06105F4E42A4}.Debug|Any CPU.ActiveCfg = Debug|Any CPU
		{1961D116-90AB-4F5C-96A6-06105F4E42A4}.Debug|Any CPU.Build.0 = Debug|Any CPU
		{1961D116-90AB-4F5C-96A6-06105F4E42A4}.Release|Any CPU.ActiveCfg = Release|Any CPU
		{1961D116-90AB-4F5C-96A6-06105F4E42A4}.Release|Any CPU.Build.0 = Release|Any CPU
	EndGlobalSection
	GlobalSection(SolutionProperties) = preSolution
		HideSolutionNode = FALSE
	EndGlobalSection
	GlobalSection(ExtensibilityGlobals) = postSolution
		SolutionGuid = {F176C4BB-AEFE-4554-AD29-8DA05C7140A6}
	EndGlobalSection
EndGlobal
